// !$*UTF8*$!
{
	archiveVersion = 1;
	classes = {
	};
	objectVersion = 46;
	objects = {

/* Begin PBXBuildFile section */
		58527E1A16A550F200BEB929 /* UIKit.framework in Frameworks */ = {isa = PBXBuildFile; fileRef = 58527E1916A550F200BEB929 /* UIKit.framework */; };
		58527E1C16A550F200BEB929 /* Foundation.framework in Frameworks */ = {isa = PBXBuildFile; fileRef = 58527E1B16A550F200BEB929 /* Foundation.framework */; };
		58527E1E16A550F200BEB929 /* CoreGraphics.framework in Frameworks */ = {isa = PBXBuildFile; fileRef = 58527E1D16A550F200BEB929 /* CoreGraphics.framework */; };
		58527E2416A550F200BEB929 /* InfoPlist.strings in Resources */ = {isa = PBXBuildFile; fileRef = 58527E2216A550F200BEB929 /* InfoPlist.strings */; };
		58527E2616A550F200BEB929 /* main.m in Sources */ = {isa = PBXBuildFile; fileRef = 58527E2516A550F200BEB929 /* main.m */; };
		58527E2A16A550F200BEB929 /* Learn_CAppDelegate.m in Sources */ = {isa = PBXBuildFile; fileRef = 58527E2916A550F200BEB929 /* Learn_CAppDelegate.m */; };
		58527E2D16A550F200BEB929 /* MainStoryboard.storyboard in Resources */ = {isa = PBXBuildFile; fileRef = 58527E2B16A550F200BEB929 /* MainStoryboard.storyboard */; };
		58527E3016A550F200BEB929 /* Learn_CFirstViewController.m in Sources */ = {isa = PBXBuildFile; fileRef = 58527E2F16A550F200BEB929 /* Learn_CFirstViewController.m */; };
		58527E3216A550F200BEB929 /* first.png in Resources */ = {isa = PBXBuildFile; fileRef = 58527E3116A550F200BEB929 /* first.png */; };
		58527E3416A550F200BEB929 /* first@2x.png in Resources */ = {isa = PBXBuildFile; fileRef = 58527E3316A550F200BEB929 /* first@2x.png */; };
		58527E3716A550F200BEB929 /* Learn_CSecondViewController.m in Sources */ = {isa = PBXBuildFile; fileRef = 58527E3616A550F200BEB929 /* Learn_CSecondViewController.m */; };
		58527E3916A550F200BEB929 /* second.png in Resources */ = {isa = PBXBuildFile; fileRef = 58527E3816A550F200BEB929 /* second.png */; };
		58527E3B16A550F200BEB929 /* second@2x.png in Resources */ = {isa = PBXBuildFile; fileRef = 58527E3A16A550F200BEB929 /* second@2x.png */; };
/* End PBXBuildFile section */

/* Begin PBXFileReference section */
		58527E1516A550F200BEB929 /* Test.app */ = {isa = PBXFileReference; explicitFileType = wrapper.application; includeInIndex = 0; path = Test.app; sourceTree = BUILT_PRODUCTS_DIR; };
		58527E1916A550F200BEB929 /* UIKit.framework */ = {isa = PBXFileReference; lastKnownFileType = wrapper.framework; name = UIKit.framework; path = System/Library/Frameworks/UIKit.framework; sourceTree = SDKROOT; };
		58527E1B16A550F200BEB929 /* Foundation.framework */ = {isa = PBXFileReference; lastKnownFileType = wrapper.framework; name = Foundation.framework; path = System/Library/Frameworks/Foundation.framework; sourceTree = SDKROOT; };
		58527E1D16A550F200BEB929 /* CoreGraphics.framework */ = {isa = PBXFileReference; lastKnownFileType = wrapper.framework; name = CoreGraphics.framework; path = System/Library/Frameworks/CoreGraphics.framework; sourceTree = SDKROOT; };
		58527E2116A550F200BEB929 /* Test-Info.plist */ = {isa = PBXFileReference; lastKnownFileType = text.plist.xml; path = "Test-Info.plist"; sourceTree = "<group>"; };
		58527E2316A550F200BEB929 /* en */ = {isa = PBXFileReference; lastKnownFileType = text.plist.strings; name = en; path = en.lproj/InfoPlist.strings; sourceTree = "<group>"; };
		58527E2516A550F200BEB929 /* main.m */ = {isa = PBXFileReference; lastKnownFileType = sourcecode.c.objc; path = main.m; sourceTree = "<group>"; };
		58527E2716A550F200BEB929 /* Test-Prefix.pch */ = {isa = PBXFileReference; lastKnownFileType = sourcecode.c.h; path = "Test-Prefix.pch"; sourceTree = "<group>"; };
		58527E2816A550F200BEB929 /* Learn_CAppDelegate.h */ = {isa = PBXFileReference; lastKnownFileType = sourcecode.c.h; path = Learn_CAppDelegate.h; sourceTree = "<group>"; };
		58527E2916A550F200BEB929 /* Learn_CAppDelegate.m */ = {isa = PBXFileReference; lastKnownFileType = sourcecode.c.objc; path = Learn_CAppDelegate.m; sourceTree = "<group>"; };
		58527E2C16A550F200BEB929 /* en */ = {isa = PBXFileReference; lastKnownFileType = file.storyboard; name = en; path = en.lproj/MainStoryboard.storyboard; sourceTree = "<group>"; };
		58527E2E16A550F200BEB929 /* Learn_CFirstViewController.h */ = {isa = PBXFileReference; lastKnownFileType = sourcecode.c.h; path = Learn_CFirstViewController.h; sourceTree = "<group>"; };
		58527E2F16A550F200BEB929 /* Learn_CFirstViewController.m */ = {isa = PBXFileReference; lastKnownFileType = sourcecode.c.objc; path = Learn_CFirstViewController.m; sourceTree = "<group>"; };
		58527E3116A550F200BEB929 /* first.png */ = {isa = PBXFileReference; lastKnownFileType = image.png; path = first.png; sourceTree = "<group>"; };
		58527E3316A550F200BEB929 /* first@2x.png */ = {isa = PBXFileReference; lastKnownFileType = image.png; path = "first@2x.png"; sourceTree = "<group>"; };
		58527E3516A550F200BEB929 /* Learn_CSecondViewController.h */ = {isa = PBXFileReference; lastKnownFileType = sourcecode.c.h; path = Learn_CSecondViewController.h; sourceTree = "<group>"; };
		58527E3616A550F200BEB929 /* Learn_CSecondViewController.m */ = {isa = PBXFileReference; lastKnownFileType = sourcecode.c.objc; path = Learn_CSecondViewController.m; sourceTree = "<group>"; };
		58527E3816A550F200BEB929 /* second.png */ = {isa = PBXFileReference; lastKnownFileType = image.png; path = second.png; sourceTree = "<group>"; };
		58527E3A16A550F200BEB929 /* second@2x.png */ = {isa = PBXFileReference; lastKnownFileType = image.png; path = "second@2x.png"; sourceTree = "<group>"; };
/* End PBXFileReference section */

/* Begin PBXFrameworksBuildPhase section */
		58527E1216A550F200BEB929 /* Frameworks */ = {
			isa = PBXFrameworksBuildPhase;
			buildActionMask = 2147483647;
			files = (
				58527E1A16A550F200BEB929 /* UIKit.framework in Frameworks */,
				58527E1C16A550F200BEB929 /* Foundation.framework in Frameworks */,
				58527E1E16A550F200BEB929 /* CoreGraphics.framework in Frameworks */,
			);
			runOnlyForDeploymentPostprocessing = 0;
		};
/* End PBXFrameworksBuildPhase section */

/* Begin PBXGroup section */
		58527E0A16A550F200BEB929 = {
			isa = PBXGroup;
			children = (
				58527E1F16A550F200BEB929 /* Test */,
				58527E1816A550F200BEB929 /* Frameworks */,
				58527E1616A550F200BEB929 /* Products */,
			);
			sourceTree = "<group>";
		};
		58527E1616A550F200BEB929 /* Products */ = {
			isa = PBXGroup;
			children = (
				58527E1516A550F200BEB929 /* Test.app */,
			);
			name = Products;
			sourceTree = "<group>";
		};
		58527E1816A550F200BEB929 /* Frameworks */ = {
			isa = PBXGroup;
			children = (
				58527E1916A550F200BEB929 /* UIKit.framework */,
				58527E1B16A550F200BEB929 /* Foundation.framework */,
				58527E1D16A550F200BEB929 /* CoreGraphics.framework */,
			);
			name = Frameworks;
			sourceTree = "<group>";
		};
		58527E1F16A550F200BEB929 /* Test */ = {
			isa = PBXGroup;
			children = (
				58527E2816A550F200BEB929 /* Learn_CAppDelegate.h */,
				58527E2916A550F200BEB929 /* Learn_CAppDelegate.m */,
				58527E2B16A550F200BEB929 /* MainStoryboard.storyboard */,
				58527E2E16A550F200BEB929 /* Learn_CFirstViewController.h */,
				58527E2F16A550F200BEB929 /* Learn_CFirstViewController.m */,
				58527E3116A550F200BEB929 /* first.png */,
				58527E3316A550F200BEB929 /* first@2x.png */,
				58527E3516A550F200BEB929 /* Learn_CSecondViewController.h */,
				58527E3616A550F200BEB929 /* Learn_CSecondViewController.m */,
				58527E3816A550F200BEB929 /* second.png */,
				58527E3A16A550F200BEB929 /* second@2x.png */,
				58527E2016A550F200BEB929 /* Supporting Files */,
			);
			path = Test;
			sourceTree = "<group>";
		};
		58527E2016A550F200BEB929 /* Supporting Files */ = {
			isa = PBXGroup;
			children = (
				58527E2116A550F200BEB929 /* Test-Info.plist */,
				58527E2216A550F200BEB929 /* InfoPlist.strings */,
				58527E2516A550F200BEB929 /* main.m */,
				58527E2716A550F200BEB929 /* Test-Prefix.pch */,
			);
			name = "Supporting Files";
			sourceTree = "<group>";
		};
/* End PBXGroup section */

/* Begin PBXNativeTarget section */
		58527E1416A550F200BEB929 /* Test */ = {
			isa = PBXNativeTarget;
			buildConfigurationList = 58527E3E16A550F200BEB929 /* Build configuration list for PBXNativeTarget "Test" */;
			buildPhases = (
				58527E1116A550F200BEB929 /* Sources */,
				58527E1216A550F200BEB929 /* Frameworks */,
				58527E1316A550F200BEB929 /* Resources */,
			);
			buildRules = (
			);
			dependencies = (
			);
			name = Test;
			productName = Test;
			productReference = 58527E1516A550F200BEB929 /* Test.app */;
			productType = "com.apple.product-type.application";
		};
/* End PBXNativeTarget section */

/* Begin PBXProject section */
		58527E0C16A550F200BEB929 /* Project object */ = {
			isa = PBXProject;
			attributes = {
				CLASSPREFIX = Learn_C;
				LastUpgradeCheck = 0440;
				ORGANIZATIONNAME = "James Colless";
			};
			buildConfigurationList = 58527E0F16A550F200BEB929 /* Build configuration list for PBXProject "Test" */;
			compatibilityVersion = "Xcode 3.2";
			developmentRegion = English;
			hasScannedForEncodings = 0;
			knownRegions = (
				en,
			);
			mainGroup = 58527E0A16A550F200BEB929;
			productRefGroup = 58527E1616A550F200BEB929 /* Products */;
			projectDirPath = "";
			projectRoot = "";
			targets = (
				58527E1416A550F200BEB929 /* Test */,
			);
		};
/* End PBXProject section */

/* Begin PBXResourcesBuildPhase section */
		58527E1316A550F200BEB929 /* Resources */ = {
			isa = PBXResourcesBuildPhase;
			buildActionMask = 2147483647;
			files = (
				58527E2416A550F200BEB929 /* InfoPlist.strings in Resources */,
				58527E2D16A550F200BEB929 /* MainStoryboard.storyboard in Resources */,
				58527E3216A550F200BEB929 /* first.png in Resources */,
				58527E3416A550F200BEB929 /* first@2x.png in Resources */,
				58527E3916A550F200BEB929 /* second.png in Resources */,
				58527E3B16A550F200BEB929 /* second@2x.png in Resources */,
			);
			runOnlyForDeploymentPostprocessing = 0;
		};
/* End PBXResourcesBuildPhase section */

/* Begin PBXSourcesBuildPhase section */
		58527E1116A550F200BEB929 /* Sources */ = {
			isa = PBXSourcesBuildPhase;
			buildActionMask = 2147483647;
			files = (
				58527E2616A550F200BEB929 /* main.m in Sources */,
				58527E2A16A550F200BEB929 /* Learn_CAppDelegate.m in Sources */,
				58527E3016A550F200BEB929 /* Learn_CFirstViewController.m in Sources */,
				58527E3716A550F200BEB929 /* Learn_CSecondViewController.m in Sources */,
			);
			runOnlyForDeploymentPostprocessing = 0;
		};
/* End PBXSourcesBuildPhase section */

/* Begin PBXVariantGroup section */
		58527E2216A550F200BEB929 /* InfoPlist.strings */ = {
			isa = PBXVariantGroup;
			children = (
				58527E2316A550F200BEB929 /* en */,
			);
			name = InfoPlist.strings;
			sourceTree = "<group>";
		};
		58527E2B16A550F200BEB929 /* MainStoryboard.storyboard */ = {
			isa = PBXVariantGroup;
			children = (
				58527E2C16A550F200BEB929 /* en */,
			);
			name = MainStoryboard.storyboard;
			sourceTree = "<group>";
		};
/* End PBXVariantGroup section */

/* Begin XCBuildConfiguration section */
		58527E3C16A550F200BEB929 /* Debug */ = {
			isa = XCBuildConfiguration;
			buildSettings = {
				ALWAYS_SEARCH_USER_PATHS = NO;
				ARCHS = "$(ARCHS_STANDARD_32_BIT)";
				CLANG_CXX_LANGUAGE_STANDARD = "gnu++0x";
				CLANG_ENABLE_OBJC_ARC = YES;
				CLANG_WARN__DUPLICATE_METHOD_MATCH = YES;
				"CODE_SIGN_IDENTITY[sdk=iphoneos*]" = "iPhone Developer";
				COPY_PHASE_STRIP = NO;
				GCC_C_LANGUAGE_STANDARD = gnu99;
				GCC_DYNAMIC_NO_PIC = NO;
				GCC_OPTIMIZATION_LEVEL = 0;
				GCC_PREPROCESSOR_DEFINITIONS = (
					"DEBUG=1",
					"$(inherited)",
				);
				GCC_SYMBOLS_PRIVATE_EXTERN = NO;
				GCC_VERSION = com.apple.compilers.llvm.clang.1_0;
				GCC_WARN_ABOUT_RETURN_TYPE = YES;
				GCC_WARN_UNINITIALIZED_AUTOS = YES;
				GCC_WARN_UNUSED_VARIABLE = YES;
				IPHONEOS_DEPLOYMENT_TARGET = 5.1;
				SDKROOT = iphoneos;
			};
			name = Debug;
		};
		58527E3D16A550F200BEB929 /* Release */ = {
			isa = XCBuildConfiguration;
			buildSettings = {
				ALWAYS_SEARCH_USER_PATHS = NO;
				ARCHS = "$(ARCHS_STANDARD_32_BIT)";
				CLANG_CXX_LANGUAGE_STANDARD = "gnu++0x";
				CLANG_ENABLE_OBJC_ARC = YES;
				CLANG_WARN__DUPLICATE_METHOD_MATCH = YES;
				"CODE_SIGN_IDENTITY[sdk=iphoneos*]" = "iPhone Developer";
				COPY_PHASE_STRIP = YES;
				GCC_C_LANGUAGE_STANDARD = gnu99;
				GCC_VERSION = com.apple.compilers.llvm.clang.1_0;
				GCC_WARN_ABOUT_RETURN_TYPE = YES;
				GCC_WARN_UNINITIALIZED_AUTOS = YES;
				GCC_WARN_UNUSED_VARIABLE = YES;
				IPHONEOS_DEPLOYMENT_TARGET = 5.1;
				OTHER_CFLAGS = "-DNS_BLOCK_ASSERTIONS=1";
				SDKROOT = iphoneos;
				VALIDATE_PRODUCT = YES;
			};
			name = Release;
		};
		58527E3F16A550F200BEB929 /* Debug */ = {
			isa = XCBuildConfiguration;
			buildSettings = {
				GCC_PRECOMPILE_PREFIX_HEADER = YES;
				GCC_PREFIX_HEADER = "Test/Test-Prefix.pch";
				INFOPLIST_FILE = "Test/Test-Info.plist";
				PRODUCT_NAME = "$(TARGET_NAME)";
				WRAPPER_EXTENSION = app;
			};
			name = Debug;
		};
		58527E4016A550F200BEB929 /* Release */ = {
			isa = XCBuildConfiguration;
			buildSettings = {
				GCC_PRECOMPILE_PREFIX_HEADER = YES;
				GCC_PREFIX_HEADER = "Test/Test-Prefix.pch";
				INFOPLIST_FILE = "Test/Test-Info.plist";
				PRODUCT_NAME = "$(TARGET_NAME)";
				WRAPPER_EXTENSION = app;
			};
			name = Release;
		};
/* End XCBuildConfiguration section */

/* Begin XCConfigurationList section */
		58527E0F16A550F200BEB929 /* Build configuration list for PBXProject "Test" */ = {
			isa = XCConfigurationList;
			buildConfigurations = (
				58527E3C16A550F200BEB929 /* Debug */,
				58527E3D16A550F200BEB929 /* Release */,
			);
			defaultConfigurationIsVisible = 0;
			defaultConfigurationName = Release;
		};
		58527E3E16A550F200BEB929 /* Build configuration list for PBXNativeTarget "Test" */ = {
			isa = XCConfigurationList;
			buildConfigurations = (
				58527E3F16A550F200BEB929 /* Debug */,
				58527E4016A550F200BEB929 /* Release */,
			);
			defaultConfigurationIsVisible = 0;
		};
/* End XCConfigurationList section */
	};
	rootObject = 58527E0C16A550F200BEB929 /* Project object */;
}
